<?xml version="1.0" encoding="UTF-8" standalone="yes" ?>
<CodeBlocks_project_file>
	<FileVersion major="1" minor="6" />
	<Project>
		<Option title="Fem" />
		<Option pch_mode="2" />
		<Option compiler="gcc" />
		<Build>
			<Target title="Release Windows x64">
				<Option platforms="Windows;" />
				<Option output="bin/Release/Fem" prefix_auto="1" extension_auto="1" />
				<Option object_output="obj/Release/" />
				<Option type="1" />
				<Option compiler="gcc" />
				<Option use_console_runner="0" />
				<Compiler>
					<Add option="-O3" />
					<Add option="-std=c++0x" />
					<Add directory="%SFML64232%/include" />
					<Add directory="include" />
					<Add directory="agents" />
					<Add directory="neural_networks" />
				</Compiler>
				<Linker>
					<Add library="sfml-graphics" />
					<Add library="sfml-window" />
					<Add library="sfml-network" />
					<Add library="sfml-system" />
					<Add directory="%SFML64232%/lib" />
				</Linker>
			</Target>
			<Target title="Release Windows x64 with interface">
				<Option platforms="Windows;" />
				<Option output="bin/Release/Fem" prefix_auto="1" extension_auto="1" />
				<Option object_output="obj/Release/" />
				<Option type="1" />
				<Option compiler="gcc" />
				<Option use_console_runner="0" />
				<Compiler>
					<Add option="-std=c++0x" />
					<Add option="-DINTERFACE" />
					<Add directory="%SFML64232%/include" />
					<Add directory="include" />
					<Add directory="agents" />
					<Add directory="neural_networks" />
				</Compiler>
				<Linker>
					<Add library="sfml-graphics" />
					<Add library="sfml-window" />
					<Add library="sfml-network" />
					<Add library="sfml-system" />
					<Add directory="%SFML64232%/lib" />
				</Linker>
			</Target>
			<Target title="Debug Windows x64">
				<Option platforms="Windows;" />
				<Option output="bin/Debug/Fem" prefix_auto="1" extension_auto="1" />
				<Option object_output="obj/Debug/" />
				<Option type="1" />
				<Option compiler="gcc" />
				<Option use_console_runner="0" />
				<Compiler>
					<Add option="-std=c++0x" />
					<Add option="-g" />
					<Add directory="%SFML64232%/include" />
					<Add directory="include" />
					<Add directory="agents" />
					<Add directory="neural_networks" />
				</Compiler>
				<Linker>
					<Add library="sfml-graphics" />
					<Add library="sfml-window" />
					<Add library="sfml-network" />
					<Add library="sfml-system" />
					<Add directory="%SFML64232%/lib" />
				</Linker>
			</Target>
			<Target title="Debug Windows x64 with interface">
				<Option platforms="Windows;" />
				<Option output="bin/Debug/Fem" prefix_auto="1" extension_auto="1" />
				<Option object_output="obj/Debug/" />
				<Option type="1" />
				<Option compiler="gcc" />
				<Option use_console_runner="0" />
				<Compiler>
					<Add option="-std=c++0x" />
					<Add option="-g" />
					<Add option="-DINTERFACE" />
					<Add directory="%SFML64232%/include" />
					<Add directory="include" />
					<Add directory="agents" />
					<Add directory="neural_networks" />
				</Compiler>
				<Linker>
					<Add library="sfml-graphics" />
					<Add library="sfml-window" />
					<Add library="sfml-network" />
					<Add library="sfml-system" />
					<Add directory="%SFML64232%/lib" />
				</Linker>
			</Target>
			<Target title="Release OS X">
				<Option platforms="Mac;" />
				<Option output="binUnix/Release/Fem" prefix_auto="1" extension_auto="1" />
				<Option object_output="objUnix/Release/" />
				<Option type="1" />
				<Option compiler="clang" />
				<Option use_console_runner="0" />
				<Compiler>
					<Add option="-std=c++0x" />
					<Add option="-DNOLIB" />
					<Add directory="../../API/SFML/2.3.1/OS X/include" />
				</Compiler>
			</Target>
			<Target title="Debug OS X">
				<Option platforms="Mac;" />
				<Option output="binUnix/Debug/Fem" prefix_auto="1" extension_auto="1" />
				<Option object_output="objUnix/Debug/" />
				<Option type="1" />
				<Option compiler="clang" />
				<Option use_console_runner="0" />
				<Compiler>
					<Add option="-std=c++0x" />
					<Add option="-g" />
					<Add option="-DNOLIB" />
					<Add directory="../../API/SFML/2.3.1/OS X/include" />
				</Compiler>
			</Target>
		</Build>
		<VirtualTargets>
			<Add alias="BuildAll" targets="Release Windows x86;Release Windows x86 with interface;Debug Windows x86;Debug Windows x86 with interface;Release OS X;Debug OS X;" />
		</VirtualTargets>
		<Compiler>
			<Add directory="neural_networks" />
			<Add directory="agents" />
			<Add directory="include" />
		</Compiler>
		<Unit filename="agents/agent.cpp" />
		<Unit filename="agents/agent.h" />
		<Unit filename="agents/agent_human.cpp" />
		<Unit filename="agents/agent_human.h" />
		<Unit filename="agents/agent_neural.cpp">
			<Option link="0" />
		</Unit>
		<Unit filename="agents/agent_neural.h" />
		<Unit filename="agents/agent_random.cpp" />
		<Unit filename="agents/agent_random.h" />
		<Unit filename="agents/agent_scoring.cpp" />
		<Unit filename="agents/agent_scoring.h" />
		<Unit filename="agents/include_agents.h" />
		<Unit filename="include/board.cpp" />
		<Unit filename="include/board.h" />
		<Unit filename="include/board_move.cpp" />
		<Unit filename="include/board_move.h" />
		<Unit filename="include/board_turn.cpp" />
		<Unit filename="include/board_turn.h" />
		<Unit filename="include/game.cpp" />
		<Unit filename="include/game.h" />
		<Unit filename="include/includes.h" />
		<Unit filename="include/lib.cpp" />
		<Unit filename="include/lib.h" />
		<Unit filename="include/logger.cpp" />
		<Unit filename="include/logger.h" />
		<Unit filename="include/tile.cpp" />
		<Unit filename="include/tile.h" />
		<Unit filename="main.cpp" />
		<Unit filename="neural_networks/layer.cpp" />
		<Unit filename="neural_networks/layer.h" />
		<Unit filename="neural_networks/neural_network.cpp" />
		<Unit filename="neural_networks/neural_network.h" />
		<Unit filename="neural_networks/neuron.cpp" />
		<Unit filename="neural_networks/neuron.h" />
		<Extensions>
			<code_completion />
			<envvars />
			<debugger />
			<lib_finder disable_auto="1" />
		</Extensions>
	</Project>
</CodeBlocks_project_file>
